
Microsoft Visual Studio Solution File, Format Version 12.00
# Visual Studio Version 16
VisualStudioVersion = 16.0.29503.13
MinimumVisualStudioVersion = 10.0.40219.1
Project("{8BC9CEB8-8B4A-11D0-8D11-00A0C91BC942}") = "3-1", "Project5\Project5.vcxproj", "{72452761-2F96-491B-A1CA-295D5F137A80}"
EndProject
Project("{8BC9CEB8-8B4A-11D0-8D11-00A0C91BC942}") = "4-1", "4-1\4-1.vcxproj", "{30D60E0E-4932-4E04-9C13-6969D517C1C4}"
EndProject
Project("{8BC9CEB8-8B4A-11D0-8D11-00A0C91BC942}") = "5-1", "5-1\5-1.vcxproj", "{15E8EF1A-2813-410A-AA20-64DDD78EA00A}"
EndProject
Project("{8BC9CEB8-8B4A-11D0-8D11-00A0C91BC942}") = "5-2", "5-2\5-2.vcxproj", "{1220F0BF-0535-45B7-9DEA-C3D0E2416ACF}"
EndProject
Project("{8BC9CEB8-8B4A-11D0-8D11-00A0C91BC942}") = "5-2p", "5-2p\5-2p.vcxproj", "{93F4C3DB-577B-4795-8A11-BA348332BAE3}"
EndProject
Project("{8BC9CEB8-8B4A-11D0-8D11-00A0C91BC942}") = "ArrayBaseStack", "Project1\Project1.vcxproj", "{76AED1F6-6CB0-441D-9D1B-F0E2ABE101CE}"
EndProject
Project("{8BC9CEB8-8B4A-11D0-8D11-00A0C91BC942}") = "ListbaseStack", "6-3\6-3.vcxproj", "{BADC9CB5-4537-40E4-8DC8-DAB3FC76DDE8}"
EndProject
Project("{8BC9CEB8-8B4A-11D0-8D11-00A0C91BC942}") = "CLinckedListStack", "prob 6-1\prob 6-1.vcxproj", "{2F479572-E918-497F-BD60-EC7793D4EEBC}"
EndProject
Project("{8BC9CEB8-8B4A-11D0-8D11-00A0C91BC942}") = "Calculater", "Project3\Project3.vcxproj", "{57688949-C538-41D0-9B67-93E78CE07C50}"
EndProject
Project("{8BC9CEB8-8B4A-11D0-8D11-00A0C91BC942}") = "CircularQuequ", "CircularQuequ\CircularQuequ.vcxproj", "{0727D93A-C1FF-447F-BBBD-81A6EF89A92D}"
EndProject
Project("{8BC9CEB8-8B4A-11D0-8D11-00A0C91BC942}") = "ListCircularQuequ", "ListCircularQueqe\ListCircularQueqe.vcxproj", "{AC75B666-DA91-45BA-A2D3-7363C9DD8F04}"
EndProject
Project("{8BC9CEB8-8B4A-11D0-8D11-00A0C91BC942}") = "ListBaseQuequ", "ListBaseQuequ\ListBaseQuequ.vcxproj", "{382AD4A7-E236-4AD2-9546-D9C3F58DA763}"
EndProject
Project("{8BC9CEB8-8B4A-11D0-8D11-00A0C91BC942}") = "3-1c++", "z\z.vcxproj", "{D3537075-55AF-4556-9210-4FB5527AB411}"
EndProject
Project("{8BC9CEB8-8B4A-11D0-8D11-00A0C91BC942}") = "4-1 c++", "4-1 c++\4-1 c++.vcxproj", "{005FF336-B829-47AC-9F77-6110EE61BBA5}"
EndProject
Project("{8BC9CEB8-8B4A-11D0-8D11-00A0C91BC942}") = "ListBaseStack C++", "ListBaseStack C++\ListBaseStack C++.vcxproj", "{ADD89243-CAAF-4D4B-896C-A9293498B28D}"
EndProject
Project("{8BC9CEB8-8B4A-11D0-8D11-00A0C91BC942}") = "ListBaseQuequ c++", "ListBaseQuequ c++\ListBaseQuequ c++.vcxproj", "{9B43C316-6FA8-47B6-8032-D5D1C14FE038}"
EndProject
Project("{8BC9CEB8-8B4A-11D0-8D11-00A0C91BC942}") = "prob 7-1 deque quequ", "prob 7-1 deque quequ\prob 7-1 deque quequ.vcxproj", "{02CC3F12-B76C-4A26-9B64-038A9382AE13}"
EndProject
Project("{8BC9CEB8-8B4A-11D0-8D11-00A0C91BC942}") = "Deque c++", "Deque\Deque.vcxproj", "{780FD32F-65C0-4853-84DA-45520F2751A1}"
EndProject
Project("{8BC9CEB8-8B4A-11D0-8D11-00A0C91BC942}") = "BinaryTree", "BinaryTree\BinaryTree.vcxproj", "{6DAA35F4-6101-4B61-98D8-1717039AF084}"
EndProject
Project("{8BC9CEB8-8B4A-11D0-8D11-00A0C91BC942}") = "BinaryTreeC++", "BinaryTreeC++\BinaryTreeC++.vcxproj", "{49580324-2007-4AF4-A5DD-FB0C351FDE09}"
EndProject
Project("{8BC9CEB8-8B4A-11D0-8D11-00A0C91BC942}") = "BinaryTreeTraversalAdded", "BinaryTreeTraversalAdded\BinaryTreeTraversalAdded.vcxproj", "{669A3985-D426-462F-9B06-AAEB0A116FE8}"
EndProject
Project("{8BC9CEB8-8B4A-11D0-8D11-00A0C91BC942}") = "ExpressionTree", "ExpressionTree\ExpressionTree.vcxproj", "{52FE50B9-1DA3-4089-AE92-2078D646CD1A}"
EndProject
Project("{8BC9CEB8-8B4A-11D0-8D11-00A0C91BC942}") = "PriorityQuequ", "PriorityQuequ\PriorityQuequ.vcxproj", "{1F99E718-071E-4A98-BFBA-6B339AB1F250}"
EndProject
Project("{8BC9CEB8-8B4A-11D0-8D11-00A0C91BC942}") = "Project6", "Project6\Project6.vcxproj", "{1F747ACF-9C95-4936-AF30-13458B7E097E}"
EndProject
Project("{8BC9CEB8-8B4A-11D0-8D11-00A0C91BC942}") = "MergeSort", "MergeSort\MergeSort.vcxproj", "{4DF20A69-6550-4B7D-98DC-ECCB1301EC10}"
EndProject
Project("{8BC9CEB8-8B4A-11D0-8D11-00A0C91BC942}") = "QuickSort", "QuickSort\QuickSort.vcxproj", "{602FCD6F-CA80-4F8C-8FBF-FD3036388B29}"
EndProject
Project("{8BC9CEB8-8B4A-11D0-8D11-00A0C91BC942}") = "Project7", "Project7\Project7.vcxproj", "{8C872831-8D6A-432F-BC06-20B4416F86C0}"
EndProject
Project("{8BC9CEB8-8B4A-11D0-8D11-00A0C91BC942}") = "Project8", "Project8\Project8.vcxproj", "{A95EBA23-C8E3-4633-9052-918351ED413D}"
EndProject
Global
	GlobalSection(SolutionConfigurationPlatforms) = preSolution
		Debug|x64 = Debug|x64
		Debug|x86 = Debug|x86
		Release|x64 = Release|x64
		Release|x86 = Release|x86
	EndGlobalSection
	GlobalSection(ProjectConfigurationPlatforms) = postSolution
		{72452761-2F96-491B-A1CA-295D5F137A80}.Debug|x64.ActiveCfg = Debug|x64
		{72452761-2F96-491B-A1CA-295D5F137A80}.Debug|x64.Build.0 = Debug|x64
		{72452761-2F96-491B-A1CA-295D5F137A80}.Debug|x86.ActiveCfg = Debug|Win32
		{72452761-2F96-491B-A1CA-295D5F137A80}.Debug|x86.Build.0 = Debug|Win32
		{72452761-2F96-491B-A1CA-295D5F137A80}.Release|x64.ActiveCfg = Release|x64
		{72452761-2F96-491B-A1CA-295D5F137A80}.Release|x64.Build.0 = Release|x64
		{72452761-2F96-491B-A1CA-295D5F137A80}.Release|x86.ActiveCfg = Release|Win32
		{72452761-2F96-491B-A1CA-295D5F137A80}.Release|x86.Build.0 = Release|Win32
		{30D60E0E-4932-4E04-9C13-6969D517C1C4}.Debug|x64.ActiveCfg = Debug|x64
		{30D60E0E-4932-4E04-9C13-6969D517C1C4}.Debug|x64.Build.0 = Debug|x64
		{30D60E0E-4932-4E04-9C13-6969D517C1C4}.Debug|x86.ActiveCfg = Debug|Win32
		{30D60E0E-4932-4E04-9C13-6969D517C1C4}.Debug|x86.Build.0 = Debug|Win32
		{30D60E0E-4932-4E04-9C13-6969D517C1C4}.Release|x64.ActiveCfg = Release|x64
		{30D60E0E-4932-4E04-9C13-6969D517C1C4}.Release|x64.Build.0 = Release|x64
		{30D60E0E-4932-4E04-9C13-6969D517C1C4}.Release|x86.ActiveCfg = Release|Win32
		{30D60E0E-4932-4E04-9C13-6969D517C1C4}.Release|x86.Build.0 = Release|Win32
		{15E8EF1A-2813-410A-AA20-64DDD78EA00A}.Debug|x64.ActiveCfg = Debug|x64
		{15E8EF1A-2813-410A-AA20-64DDD78EA00A}.Debug|x64.Build.0 = Debug|x64
		{15E8EF1A-2813-410A-AA20-64DDD78EA00A}.Debug|x86.ActiveCfg = Debug|Win32
		{15E8EF1A-2813-410A-AA20-64DDD78EA00A}.Debug|x86.Build.0 = Debug|Win32
		{15E8EF1A-2813-410A-AA20-64DDD78EA00A}.Release|x64.ActiveCfg = Release|x64
		{15E8EF1A-2813-410A-AA20-64DDD78EA00A}.Release|x64.Build.0 = Release|x64
		{15E8EF1A-2813-410A-AA20-64DDD78EA00A}.Release|x86.ActiveCfg = Release|Win32
		{15E8EF1A-2813-410A-AA20-64DDD78EA00A}.Release|x86.Build.0 = Release|Win32
		{1220F0BF-0535-45B7-9DEA-C3D0E2416ACF}.Debug|x64.ActiveCfg = Debug|x64
		{1220F0BF-0535-45B7-9DEA-C3D0E2416ACF}.Debug|x64.Build.0 = Debug|x64
		{1220F0BF-0535-45B7-9DEA-C3D0E2416ACF}.Debug|x86.ActiveCfg = Debug|Win32
		{1220F0BF-0535-45B7-9DEA-C3D0E2416ACF}.Debug|x86.Build.0 = Debug|Win32
		{1220F0BF-0535-45B7-9DEA-C3D0E2416ACF}.Release|x64.ActiveCfg = Release|x64
		{1220F0BF-0535-45B7-9DEA-C3D0E2416ACF}.Release|x64.Build.0 = Release|x64
		{1220F0BF-0535-45B7-9DEA-C3D0E2416ACF}.Release|x86.ActiveCfg = Release|Win32
		{1220F0BF-0535-45B7-9DEA-C3D0E2416ACF}.Release|x86.Build.0 = Release|Win32
		{93F4C3DB-577B-4795-8A11-BA348332BAE3}.Debug|x64.ActiveCfg = Debug|x64
		{93F4C3DB-577B-4795-8A11-BA348332BAE3}.Debug|x64.Build.0 = Debug|x64
		{93F4C3DB-577B-4795-8A11-BA348332BAE3}.Debug|x86.ActiveCfg = Debug|Win32
		{93F4C3DB-577B-4795-8A11-BA348332BAE3}.Debug|x86.Build.0 = Debug|Win32
		{93F4C3DB-577B-4795-8A11-BA348332BAE3}.Release|x64.ActiveCfg = Release|x64
		{93F4C3DB-577B-4795-8A11-BA348332BAE3}.Release|x64.Build.0 = Release|x64
		{93F4C3DB-577B-4795-8A11-BA348332BAE3}.Release|x86.ActiveCfg = Release|Win32
		{93F4C3DB-577B-4795-8A11-BA348332BAE3}.Release|x86.Build.0 = Release|Win32
		{76AED1F6-6CB0-441D-9D1B-F0E2ABE101CE}.Debug|x64.ActiveCfg = Debug|x64
		{76AED1F6-6CB0-441D-9D1B-F0E2ABE101CE}.Debug|x64.Build.0 = Debug|x64
		{76AED1F6-6CB0-441D-9D1B-F0E2ABE101CE}.Debug|x86.ActiveCfg = Debug|Win32
		{76AED1F6-6CB0-441D-9D1B-F0E2ABE101CE}.Debug|x86.Build.0 = Debug|Win32
		{76AED1F6-6CB0-441D-9D1B-F0E2ABE101CE}.Release|x64.ActiveCfg = Release|x64
		{76AED1F6-6CB0-441D-9D1B-F0E2ABE101CE}.Release|x64.Build.0 = Release|x64
		{76AED1F6-6CB0-441D-9D1B-F0E2ABE101CE}.Release|x86.ActiveCfg = Release|Win32
		{76AED1F6-6CB0-441D-9D1B-F0E2ABE101CE}.Release|x86.Build.0 = Release|Win32
		{BADC9CB5-4537-40E4-8DC8-DAB3FC76DDE8}.Debug|x64.ActiveCfg = Debug|x64
		{BADC9CB5-4537-40E4-8DC8-DAB3FC76DDE8}.Debug|x64.Build.0 = Debug|x64
		{BADC9CB5-4537-40E4-8DC8-DAB3FC76DDE8}.Debug|x86.ActiveCfg = Debug|Win32
		{BADC9CB5-4537-40E4-8DC8-DAB3FC76DDE8}.Debug|x86.Build.0 = Debug|Win32
		{BADC9CB5-4537-40E4-8DC8-DAB3FC76DDE8}.Release|x64.ActiveCfg = Release|x64
		{BADC9CB5-4537-40E4-8DC8-DAB3FC76DDE8}.Release|x64.Build.0 = Release|x64
		{BADC9CB5-4537-40E4-8DC8-DAB3FC76DDE8}.Release|x86.ActiveCfg = Release|Win32
		{BADC9CB5-4537-40E4-8DC8-DAB3FC76DDE8}.Release|x86.Build.0 = Release|Win32
		{2F479572-E918-497F-BD60-EC7793D4EEBC}.Debug|x64.ActiveCfg = Debug|x64
		{2F479572-E918-497F-BD60-EC7793D4EEBC}.Debug|x64.Build.0 = Debug|x64
		{2F479572-E918-497F-BD60-EC7793D4EEBC}.Debug|x86.ActiveCfg = Debug|Win32
		{2F479572-E918-497F-BD60-EC7793D4EEBC}.Debug|x86.Build.0 = Debug|Win32
		{2F479572-E918-497F-BD60-EC7793D4EEBC}.Release|x64.ActiveCfg = Release|x64
		{2F479572-E918-497F-BD60-EC7793D4EEBC}.Release|x64.Build.0 = Release|x64
		{2F479572-E918-497F-BD60-EC7793D4EEBC}.Release|x86.ActiveCfg = Release|Win32
		{2F479572-E918-497F-BD60-EC7793D4EEBC}.Release|x86.Build.0 = Release|Win32
		{57688949-C538-41D0-9B67-93E78CE07C50}.Debug|x64.ActiveCfg = Debug|x64
		{57688949-C538-41D0-9B67-93E78CE07C50}.Debug|x64.Build.0 = Debug|x64
		{57688949-C538-41D0-9B67-93E78CE07C50}.Debug|x86.ActiveCfg = Debug|Win32
		{57688949-C538-41D0-9B67-93E78CE07C50}.Debug|x86.Build.0 = Debug|Win32
		{57688949-C538-41D0-9B67-93E78CE07C50}.Release|x64.ActiveCfg = Release|x64
		{57688949-C538-41D0-9B67-93E78CE07C50}.Release|x64.Build.0 = Release|x64
		{57688949-C538-41D0-9B67-93E78CE07C50}.Release|x86.ActiveCfg = Release|Win32
		{57688949-C538-41D0-9B67-93E78CE07C50}.Release|x86.Build.0 = Release|Win32
		{0727D93A-C1FF-447F-BBBD-81A6EF89A92D}.Debug|x64.ActiveCfg = Debug|x64
		{0727D93A-C1FF-447F-BBBD-81A6EF89A92D}.Debug|x64.Build.0 = Debug|x64
		{0727D93A-C1FF-447F-BBBD-81A6EF89A92D}.Debug|x86.ActiveCfg = Debug|Win32
		{0727D93A-C1FF-447F-BBBD-81A6EF89A92D}.Debug|x86.Build.0 = Debug|Win32
		{0727D93A-C1FF-447F-BBBD-81A6EF89A92D}.Release|x64.ActiveCfg = Release|x64
		{0727D93A-C1FF-447F-BBBD-81A6EF89A92D}.Release|x64.Build.0 = Release|x64
		{0727D93A-C1FF-447F-BBBD-81A6EF89A92D}.Release|x86.ActiveCfg = Release|Win32
		{0727D93A-C1FF-447F-BBBD-81A6EF89A92D}.Release|x86.Build.0 = Release|Win32
		{AC75B666-DA91-45BA-A2D3-7363C9DD8F04}.Debug|x64.ActiveCfg = Debug|x64
		{AC75B666-DA91-45BA-A2D3-7363C9DD8F04}.Debug|x64.Build.0 = Debug|x64
		{AC75B666-DA91-45BA-A2D3-7363C9DD8F04}.Debug|x86.ActiveCfg = Debug|Win32
		{AC75B666-DA91-45BA-A2D3-7363C9DD8F04}.Debug|x86.Build.0 = Debug|Win32
		{AC75B666-DA91-45BA-A2D3-7363C9DD8F04}.Release|x64.ActiveCfg = Release|x64
		{AC75B666-DA91-45BA-A2D3-7363C9DD8F04}.Release|x64.Build.0 = Release|x64
		{AC75B666-DA91-45BA-A2D3-7363C9DD8F04}.Release|x86.ActiveCfg = Release|Win32
		{AC75B666-DA91-45BA-A2D3-7363C9DD8F04}.Release|x86.Build.0 = Release|Win32
		{382AD4A7-E236-4AD2-9546-D9C3F58DA763}.Debug|x64.ActiveCfg = Debug|x64
		{382AD4A7-E236-4AD2-9546-D9C3F58DA763}.Debug|x64.Build.0 = Debug|x64
		{382AD4A7-E236-4AD2-9546-D9C3F58DA763}.Debug|x86.ActiveCfg = Debug|Win32
		{382AD4A7-E236-4AD2-9546-D9C3F58DA763}.Debug|x86.Build.0 = Debug|Win32
		{382AD4A7-E236-4AD2-9546-D9C3F58DA763}.Release|x64.ActiveCfg = Release|x64
		{382AD4A7-E236-4AD2-9546-D9C3F58DA763}.Release|x64.Build.0 = Release|x64
		{382AD4A7-E236-4AD2-9546-D9C3F58DA763}.Release|x86.ActiveCfg = Release|Win32
		{382AD4A7-E236-4AD2-9546-D9C3F58DA763}.Release|x86.Build.0 = Release|Win32
		{D3537075-55AF-4556-9210-4FB5527AB411}.Debug|x64.ActiveCfg = Debug|x64
		{D3537075-55AF-4556-9210-4FB5527AB411}.Debug|x64.Build.0 = Debug|x64
		{D3537075-55AF-4556-9210-4FB5527AB411}.Debug|x86.ActiveCfg = Debug|Win32
		{D3537075-55AF-4556-9210-4FB5527AB411}.Debug|x86.Build.0 = Debug|Win32
		{D3537075-55AF-4556-9210-4FB5527AB411}.Release|x64.ActiveCfg = Release|x64
		{D3537075-55AF-4556-9210-4FB5527AB411}.Release|x64.Build.0 = Release|x64
		{D3537075-55AF-4556-9210-4FB5527AB411}.Release|x86.ActiveCfg = Release|Win32
		{D3537075-55AF-4556-9210-4FB5527AB411}.Release|x86.Build.0 = Release|Win32
		{005FF336-B829-47AC-9F77-6110EE61BBA5}.Debug|x64.ActiveCfg = Debug|x64
		{005FF336-B829-47AC-9F77-6110EE61BBA5}.Debug|x64.Build.0 = Debug|x64
		{005FF336-B829-47AC-9F77-6110EE61BBA5}.Debug|x86.ActiveCfg = Debug|Win32
		{005FF336-B829-47AC-9F77-6110EE61BBA5}.Debug|x86.Build.0 = Debug|Win32
		{005FF336-B829-47AC-9F77-6110EE61BBA5}.Release|x64.ActiveCfg = Release|x64
		{005FF336-B829-47AC-9F77-6110EE61BBA5}.Release|x64.Build.0 = Release|x64
		{005FF336-B829-47AC-9F77-6110EE61BBA5}.Release|x86.ActiveCfg = Release|Win32
		{005FF336-B829-47AC-9F77-6110EE61BBA5}.Release|x86.Build.0 = Release|Win32
		{ADD89243-CAAF-4D4B-896C-A9293498B28D}.Debug|x64.ActiveCfg = Debug|x64
		{ADD89243-CAAF-4D4B-896C-A9293498B28D}.Debug|x64.Build.0 = Debug|x64
		{ADD89243-CAAF-4D4B-896C-A9293498B28D}.Debug|x86.ActiveCfg = Debug|Win32
		{ADD89243-CAAF-4D4B-896C-A9293498B28D}.Debug|x86.Build.0 = Debug|Win32
		{ADD89243-CAAF-4D4B-896C-A9293498B28D}.Release|x64.ActiveCfg = Release|x64
		{ADD89243-CAAF-4D4B-896C-A9293498B28D}.Release|x64.Build.0 = Release|x64
		{ADD89243-CAAF-4D4B-896C-A9293498B28D}.Release|x86.ActiveCfg = Release|Win32
		{ADD89243-CAAF-4D4B-896C-A9293498B28D}.Release|x86.Build.0 = Release|Win32
		{9B43C316-6FA8-47B6-8032-D5D1C14FE038}.Debug|x64.ActiveCfg = Debug|x64
		{9B43C316-6FA8-47B6-8032-D5D1C14FE038}.Debug|x64.Build.0 = Debug|x64
		{9B43C316-6FA8-47B6-8032-D5D1C14FE038}.Debug|x86.ActiveCfg = Debug|Win32
		{9B43C316-6FA8-47B6-8032-D5D1C14FE038}.Debug|x86.Build.0 = Debug|Win32
		{9B43C316-6FA8-47B6-8032-D5D1C14FE038}.Release|x64.ActiveCfg = Release|x64
		{9B43C316-6FA8-47B6-8032-D5D1C14FE038}.Release|x64.Build.0 = Release|x64
		{9B43C316-6FA8-47B6-8032-D5D1C14FE038}.Release|x86.ActiveCfg = Release|Win32
		{9B43C316-6FA8-47B6-8032-D5D1C14FE038}.Release|x86.Build.0 = Release|Win32
		{02CC3F12-B76C-4A26-9B64-038A9382AE13}.Debug|x64.ActiveCfg = Debug|x64
		{02CC3F12-B76C-4A26-9B64-038A9382AE13}.Debug|x64.Build.0 = Debug|x64
		{02CC3F12-B76C-4A26-9B64-038A9382AE13}.Debug|x86.ActiveCfg = Debug|Win32
		{02CC3F12-B76C-4A26-9B64-038A9382AE13}.Debug|x86.Build.0 = Debug|Win32
		{02CC3F12-B76C-4A26-9B64-038A9382AE13}.Release|x64.ActiveCfg = Release|x64
		{02CC3F12-B76C-4A26-9B64-038A9382AE13}.Release|x64.Build.0 = Release|x64
		{02CC3F12-B76C-4A26-9B64-038A9382AE13}.Release|x86.ActiveCfg = Release|Win32
		{02CC3F12-B76C-4A26-9B64-038A9382AE13}.Release|x86.Build.0 = Release|Win32
		{780FD32F-65C0-4853-84DA-45520F2751A1}.Debug|x64.ActiveCfg = Debug|x64
		{780FD32F-65C0-4853-84DA-45520F2751A1}.Debug|x64.Build.0 = Debug|x64
		{780FD32F-65C0-4853-84DA-45520F2751A1}.Debug|x86.ActiveCfg = Debug|Win32
		{780FD32F-65C0-4853-84DA-45520F2751A1}.Debug|x86.Build.0 = Debug|Win32
		{780FD32F-65C0-4853-84DA-45520F2751A1}.Release|x64.ActiveCfg = Release|x64
		{780FD32F-65C0-4853-84DA-45520F2751A1}.Release|x64.Build.0 = Release|x64
		{780FD32F-65C0-4853-84DA-45520F2751A1}.Release|x86.ActiveCfg = Release|Win32
		{780FD32F-65C0-4853-84DA-45520F2751A1}.Release|x86.Build.0 = Release|Win32
		{6DAA35F4-6101-4B61-98D8-1717039AF084}.Debug|x64.ActiveCfg = Debug|x64
		{6DAA35F4-6101-4B61-98D8-1717039AF084}.Debug|x64.Build.0 = Debug|x64
		{6DAA35F4-6101-4B61-98D8-1717039AF084}.Debug|x86.ActiveCfg = Debug|Win32
		{6DAA35F4-6101-4B61-98D8-1717039AF084}.Debug|x86.Build.0 = Debug|Win32
		{6DAA35F4-6101-4B61-98D8-1717039AF084}.Release|x64.ActiveCfg = Release|x64
		{6DAA35F4-6101-4B61-98D8-1717039AF084}.Release|x64.Build.0 = Release|x64
		{6DAA35F4-6101-4B61-98D8-1717039AF084}.Release|x86.ActiveCfg = Release|Win32
		{6DAA35F4-6101-4B61-98D8-1717039AF084}.Release|x86.Build.0 = Release|Win32
		{49580324-2007-4AF4-A5DD-FB0C351FDE09}.Debug|x64.ActiveCfg = Debug|x64
		{49580324-2007-4AF4-A5DD-FB0C351FDE09}.Debug|x64.Build.0 = Debug|x64
		{49580324-2007-4AF4-A5DD-FB0C351FDE09}.Debug|x86.ActiveCfg = Debug|Win32
		{49580324-2007-4AF4-A5DD-FB0C351FDE09}.Debug|x86.Build.0 = Debug|Win32
		{49580324-2007-4AF4-A5DD-FB0C351FDE09}.Release|x64.ActiveCfg = Release|x64
		{49580324-2007-4AF4-A5DD-FB0C351FDE09}.Release|x64.Build.0 = Release|x64
		{49580324-2007-4AF4-A5DD-FB0C351FDE09}.Release|x86.ActiveCfg = Release|Win32
		{49580324-2007-4AF4-A5DD-FB0C351FDE09}.Release|x86.Build.0 = Release|Win32
		{669A3985-D426-462F-9B06-AAEB0A116FE8}.Debug|x64.ActiveCfg = Debug|x64
		{669A3985-D426-462F-9B06-AAEB0A116FE8}.Debug|x64.Build.0 = Debug|x64
		{669A3985-D426-462F-9B06-AAEB0A116FE8}.Debug|x86.ActiveCfg = Debug|Win32
		{669A3985-D426-462F-9B06-AAEB0A116FE8}.Debug|x86.Build.0 = Debug|Win32
		{669A3985-D426-462F-9B06-AAEB0A116FE8}.Release|x64.ActiveCfg = Release|x64
		{669A3985-D426-462F-9B06-AAEB0A116FE8}.Release|x64.Build.0 = Release|x64
		{669A3985-D426-462F-9B06-AAEB0A116FE8}.Release|x86.ActiveCfg = Release|Win32
		{669A3985-D426-462F-9B06-AAEB0A116FE8}.Release|x86.Build.0 = Release|Win32
		{52FE50B9-1DA3-4089-AE92-2078D646CD1A}.Debug|x64.ActiveCfg = Debug|x64
		{52FE50B9-1DA3-4089-AE92-2078D646CD1A}.Debug|x64.Build.0 = Debug|x64
		{52FE50B9-1DA3-4089-AE92-2078D646CD1A}.Debug|x86.ActiveCfg = Debug|Win32
		{52FE50B9-1DA3-4089-AE92-2078D646CD1A}.Debug|x86.Build.0 = Debug|Win32
		{52FE50B9-1DA3-4089-AE92-2078D646CD1A}.Release|x64.ActiveCfg = Release|x64
		{52FE50B9-1DA3-4089-AE92-2078D646CD1A}.Release|x64.Build.0 = Release|x64
		{52FE50B9-1DA3-4089-AE92-2078D646CD1A}.Release|x86.ActiveCfg = Release|Win32
		{52FE50B9-1DA3-4089-AE92-2078D646CD1A}.Release|x86.Build.0 = Release|Win32
		{1F99E718-071E-4A98-BFBA-6B339AB1F250}.Debug|x64.ActiveCfg = Debug|x64
		{1F99E718-071E-4A98-BFBA-6B339AB1F250}.Debug|x64.Build.0 = Debug|x64
		{1F99E718-071E-4A98-BFBA-6B339AB1F250}.Debug|x86.ActiveCfg = Debug|Win32
		{1F99E718-071E-4A98-BFBA-6B339AB1F250}.Debug|x86.Build.0 = Debug|Win32
		{1F99E718-071E-4A98-BFBA-6B339AB1F250}.Release|x64.ActiveCfg = Release|x64
		{1F99E718-071E-4A98-BFBA-6B339AB1F250}.Release|x64.Build.0 = Release|x64
		{1F99E718-071E-4A98-BFBA-6B339AB1F250}.Release|x86.ActiveCfg = Release|Win32
		{1F99E718-071E-4A98-BFBA-6B339AB1F250}.Release|x86.Build.0 = Release|Win32
		{1F747ACF-9C95-4936-AF30-13458B7E097E}.Debug|x64.ActiveCfg = Debug|x64
		{1F747ACF-9C95-4936-AF30-13458B7E097E}.Debug|x64.Build.0 = Debug|x64
		{1F747ACF-9C95-4936-AF30-13458B7E097E}.Debug|x86.ActiveCfg = Debug|Win32
		{1F747ACF-9C95-4936-AF30-13458B7E097E}.Debug|x86.Build.0 = Debug|Win32
		{1F747ACF-9C95-4936-AF30-13458B7E097E}.Release|x64.ActiveCfg = Release|x64
		{1F747ACF-9C95-4936-AF30-13458B7E097E}.Release|x64.Build.0 = Release|x64
		{1F747ACF-9C95-4936-AF30-13458B7E097E}.Release|x86.ActiveCfg = Release|Win32
		{1F747ACF-9C95-4936-AF30-13458B7E097E}.Release|x86.Build.0 = Release|Win32
		{4DF20A69-6550-4B7D-98DC-ECCB1301EC10}.Debug|x64.ActiveCfg = Debug|x64
		{4DF20A69-6550-4B7D-98DC-ECCB1301EC10}.Debug|x64.Build.0 = Debug|x64
		{4DF20A69-6550-4B7D-98DC-ECCB1301EC10}.Debug|x86.ActiveCfg = Debug|Win32
		{4DF20A69-6550-4B7D-98DC-ECCB1301EC10}.Debug|x86.Build.0 = Debug|Win32
		{4DF20A69-6550-4B7D-98DC-ECCB1301EC10}.Release|x64.ActiveCfg = Release|x64
		{4DF20A69-6550-4B7D-98DC-ECCB1301EC10}.Release|x64.Build.0 = Release|x64
		{4DF20A69-6550-4B7D-98DC-ECCB1301EC10}.Release|x86.ActiveCfg = Release|Win32
		{4DF20A69-6550-4B7D-98DC-ECCB1301EC10}.Release|x86.Build.0 = Release|Win32
		{602FCD6F-CA80-4F8C-8FBF-FD3036388B29}.Debug|x64.ActiveCfg = Debug|x64
		{602FCD6F-CA80-4F8C-8FBF-FD3036388B29}.Debug|x64.Build.0 = Debug|x64
		{602FCD6F-CA80-4F8C-8FBF-FD3036388B29}.Debug|x86.ActiveCfg = Debug|Win32
		{602FCD6F-CA80-4F8C-8FBF-FD3036388B29}.Debug|x86.Build.0 = Debug|Win32
		{602FCD6F-CA80-4F8C-8FBF-FD3036388B29}.Release|x64.ActiveCfg = Release|x64
		{602FCD6F-CA80-4F8C-8FBF-FD3036388B29}.Release|x64.Build.0 = Release|x64
		{602FCD6F-CA80-4F8C-8FBF-FD3036388B29}.Release|x86.ActiveCfg = Release|Win32
		{602FCD6F-CA80-4F8C-8FBF-FD3036388B29}.Release|x86.Build.0 = Release|Win32
		{8C872831-8D6A-432F-BC06-20B4416F86C0}.Debug|x64.ActiveCfg = Debug|x64
		{8C872831-8D6A-432F-BC06-20B4416F86C0}.Debug|x64.Build.0 = Debug|x64
		{8C872831-8D6A-432F-BC06-20B4416F86C0}.Debug|x86.ActiveCfg = Debug|Win32
		{8C872831-8D6A-432F-BC06-20B4416F86C0}.Debug|x86.Build.0 = Debug|Win32
		{8C872831-8D6A-432F-BC06-20B4416F86C0}.Release|x64.ActiveCfg = Release|x64
		{8C872831-8D6A-432F-BC06-20B4416F86C0}.Release|x64.Build.0 = Release|x64
		{8C872831-8D6A-432F-BC06-20B4416F86C0}.Release|x86.ActiveCfg = Release|Win32
		{8C872831-8D6A-432F-BC06-20B4416F86C0}.Release|x86.Build.0 = Release|Win32
		{A95EBA23-C8E3-4633-9052-918351ED413D}.Debug|x64.ActiveCfg = Debug|x64
		{A95EBA23-C8E3-4633-9052-918351ED413D}.Debug|x64.Build.0 = Debug|x64
		{A95EBA23-C8E3-4633-9052-918351ED413D}.Debug|x86.ActiveCfg = Debug|Win32
		{A95EBA23-C8E3-4633-9052-918351ED413D}.Debug|x86.Build.0 = Debug|Win32
		{A95EBA23-C8E3-4633-9052-918351ED413D}.Release|x64.ActiveCfg = Release|x64
		{A95EBA23-C8E3-4633-9052-918351ED413D}.Release|x64.Build.0 = Release|x64
		{A95EBA23-C8E3-4633-9052-918351ED413D}.Release|x86.ActiveCfg = Release|Win32
		{A95EBA23-C8E3-4633-9052-918351ED413D}.Release|x86.Build.0 = Release|Win32
	EndGlobalSection
	GlobalSection(SolutionProperties) = preSolution
		HideSolutionNode = FALSE
	EndGlobalSection
	GlobalSection(ExtensibilityGlobals) = postSolution
		SolutionGuid = {5551EDC5-8D46-4125-A262-80D9D661741F}
	EndGlobalSection
EndGlobal
